
Microsoft Visual Studio Solution File, Format Version 12.00
# Visual Studio Version 17
VisualStudioVersion = 17.14.37516.0 d17.14
MinimumVisualStudioVersion = 10.0.40219.1
Project("{FAE04EC0-301F-11D3-BF4B-00C04F79EFBC}") = "USDX Move", "USDX Move\USDX Move.csproj", "{5055CB06-F7BC-4478-981D-8E7F632A04B9}"
EndProject
Global
	GlobalSection(SolutionConfigurationPlatforms) = preSolution
		Debug|Any CPU = Debug|Any CPU
		Release|Any CPU = Release|Any CPU
	EndGlobalSection
	GlobalSection(ProjectConfigurationPlatforms) = postSolution
		{5055CB06-F7BC-4478-981D-8E7F632A04B9}.Debug|Any CPU.ActiveCfg = Debug|Any CPU
		{5055CB06-F7BC-4478-981D-8E7F632A04B9}.Debug|Any CPU.Build.0 = Debug|Any CPU
		{5055CB06-F7BC-4478-981D-8E7F632A04B9}.Release|Any CPU.ActiveCfg = Release|Any CPU
		{5055CB06-F7BC-4478-981D-8E7F632A04B9}.Release|Any CPU.Build.0 = Release|Any CPU
	EndGlobalSection
	GlobalSection(SolutionProperties) = preSolution
		HideSolutionNode = FALSE
	EndGlobalSection
	GlobalSection(ExtensibilityGlobals) = postSolution
		SolutionGuid = {46CCBECC-3EA3-42D7-B484-A14FBC332DC4}
	EndGlobalSection
EndGlobal
